
Microsoft Visual Studio Solution File, Format Version 12.00
# Visual Studio Version 16
VisualStudioVersion = 16.0.31613.86
MinimumVisualStudioVersion = 10.0.40219.1
Project("{FAE04EC0-301F-11D3-BF4B-00C04F79EFBC}") = "ProjetoGrupo8", "ProjetoGrupo8\ProjetoGrupo8.csproj", "{01D323AC-C0CF-4B89-AB25-9CD7370A609C}"
EndProject
Global
	GlobalSection(SolutionConfigurationPlatforms) = preSolution
		Debug|Any CPU = Debug|Any CPU
		Release|Any CPU = Release|Any CPU
	EndGlobalSection
	GlobalSection(ProjectConfigurationPlatforms) = postSolution
		{01D323AC-C0CF-4B89-AB25-9CD7370A609C}.Debug|Any CPU.ActiveCfg = Debug|Any CPU
		{01D323AC-C0CF-4B89-AB25-9CD7370A609C}.Debug|Any CPU.Build.0 = Debug|Any CPU
		{01D323AC-C0CF-4B89-AB25-9CD7370A609C}.Release|Any CPU.ActiveCfg = Release|Any CPU
		{01D323AC-C0CF-4B89-AB25-9CD7370A609C}.Release|Any CPU.Build.0 = Release|Any CPU
	EndGlobalSection
	GlobalSection(SolutionProperties) = preSolution
		HideSolutionNode = FALSE
	EndGlobalSection
	GlobalSection(ExtensibilityGlobals) = postSolution
		SolutionGuid = {8B0DFA94-F438-405E-B18F-876756385E63}
	EndGlobalSection
EndGlobal
